<?xml version="1.0" encoding="utf-8"?>
<Project ToolsVersion="4.0" xmlns="http://schemas.microsoft.com/developer/msbuild/2003">
  <ItemGroup>
    <Filter Include="Source Files">
      <UniqueIdentifier>{4FC737F1-C7A5-4376-A066-2A32D752A2FF}</UniqueIdentifier>
      <Extensions>cpp;c;cc;cxx;def;odl;idl;hpj;bat;asm;asmx</Extensions>
    </Filter>
    <Filter Include="MOSSE">
      <UniqueIdentifier>{aebe3be9-ddcf-46d8-abfc-1eb6f4990535}</UniqueIdentifier>
    </Filter>
    <Filter Include="misc">
      <UniqueIdentifier>{f018f8c0-2134-4269-af89-66951799d3e2}</UniqueIdentifier>
    </Filter>
  </ItemGroup>
  <ItemGroup>
    <ClCompile Include="MOSSETracker.cpp">
      <Filter>MOSSE</Filter>
    </ClCompile>
    <ClCompile Include="gradient.cpp">
      <Filter>misc</Filter>
    </ClCompile>
    <ClCompile Include="imResample.cpp">
      <Filter>misc</Filter>
    </ClCompile>
    <ClCompile Include="main.cpp">
      <Filter>Source Files</Filter>
    </ClCompile>
  </ItemGroup>
  <ItemGroup>
    <ClInclude Include="MOSSETracker.h">
      <Filter>MOSSE</Filter>
    </ClInclude>
    <ClInclude Include="gradient.h">
      <Filter>misc</Filter>
    </ClInclude>
    <ClInclude Include="sse.hpp">
      <Filter>misc</Filter>
    </ClInclude>
    <ClInclude Include="MOSSESettings.h">
      <Filter>MOSSE</Filter>
    </ClInclude>
  </ItemGroup>
</Project>